{
  "name": "angular1-starter-kit",
  "version": "1.0.0",
  "lockfileVersion": 1,
  "dependencies": {
    "angular": {
      "version": "1.6.4",
      "resolved": "https://registry.npmjs.org/angular/-/angular-1.6.4.tgz",
      "integrity": "sha1-A7exXAGggC1+LPWTJA5gQFTcd/s="
    },
    "angular-animate": {
      "version": "1.6.4",
      "resolved": "https://registry.npmjs.org/angular-animate/-/angular-animate-1.6.4.tgz",
      "integrity": "sha1-0+uQbTmDTy373Zgua416O02QAdI="
    },
    "angular-aria": {
      "version": "1.6.4",
      "resolved": "https://registry.npmjs.org/angular-aria/-/angular-aria-1.6.4.tgz",
      "integrity": "sha1-yGg2ZqzhlmaPaOciCBG9z8nhBuQ="
    },
    "angular-material": {
      "version": "1.1.4",
      "resolved": "https://registry.npmjs.org/angular-material/-/angular-material-1.1.4.tgz",
      "integrity": "sha1-J941ZG9UzNMgCArwxwjhtDivh/Y="
    },
    "moment": {
      "version": "2.18.1",
      "resolved": "https://registry.npmjs.org/moment/-/moment-2.18.1.tgz",
      "integrity": "sha1-w2GT3Tzhwu7SrbfIAtu8d6gbHA8="
    },
    "ng-material-datetimepicker": {
      "version": "1.6.3",
      "resolved": "https://registry.npmjs.org/ng-material-datetimepicker/-/ng-material-datetimepicker-1.6.3.tgz",
      "integrity": "sha1-Uz8zMGL5XM7dU9ursilV42LYpOI="
    },
    "ng-sweet-alert": {
      "version": "1.0.11",
      "resolved": "https://registry.npmjs.org/ng-sweet-alert/-/ng-sweet-alert-1.0.11.tgz",
      "integrity": "sha1-2CIzIgoilsuOrmZG+Fdrg42uV3E="
    },
    "sweetalert2": {
      "version": "6.6.4",
      "resolved": "https://registry.npmjs.org/sweetalert2/-/sweetalert2-6.6.4.tgz",
      "integrity": "sha1-d5kQDE26h43iqVgbP0LSnz3R2eA="
    }
  }
}
